
Microsoft Visual Studio Solution File, Format Version 12.00
# Visual Studio Version 16
VisualStudioVersion = 16.0.29503.13
MinimumVisualStudioVersion = 10.0.40219.1
Project("{FAE04EC0-301F-11D3-BF4B-00C04F79EFBC}") = "IndoorGML.Exporter.Revit.2019", "IndoorGML.Exporter.Revit.2019.csproj", "{C36DCAD4-7F69-4894-95A0-D62CE442DE39}"
EndProject
Project("{FAE04EC0-301F-11D3-BF4B-00C04F79EFBC}") = "IndoorGML.Adapter", "..\IndoorGML.Apdater\IndoorGML.Adapter.csproj", "{53A8302F-40CB-4B97-B53E-FDA1BED735E1}"
EndProject
Project("{FAE04EC0-301F-11D3-BF4B-00C04F79EFBC}") = "IndoorGML.Core", "..\IndoorGML.Core\IndoorGML.Core.csproj", "{C22CB3F9-CC1B-45B7-A31F-A31BDD6C7127}"
EndProject
Project("{FAE04EC0-301F-11D3-BF4B-00C04F79EFBC}") = "GML.Core", "..\GML.Core\GML.Core.csproj", "{662A800D-DF5A-419A-9794-2AC447F8DFE4}"
EndProject
Global
	GlobalSection(SolutionConfigurationPlatforms) = preSolution
		Debug|Any CPU = Debug|Any CPU
		Debug|x64 = Debug|x64
		Release|Any CPU = Release|Any CPU
		Release|x64 = Release|x64
	EndGlobalSection
	GlobalSection(ProjectConfigurationPlatforms) = postSolution
		{C36DCAD4-7F69-4894-95A0-D62CE442DE39}.Debug|Any CPU.ActiveCfg = Debug|Any CPU
		{C36DCAD4-7F69-4894-95A0-D62CE442DE39}.Debug|Any CPU.Build.0 = Debug|Any CPU
		{C36DCAD4-7F69-4894-95A0-D62CE442DE39}.Debug|x64.ActiveCfg = Debug|Any CPU
		{C36DCAD4-7F69-4894-95A0-D62CE442DE39}.Release|Any CPU.ActiveCfg = Release|Any CPU
		{C36DCAD4-7F69-4894-95A0-D62CE442DE39}.Release|Any CPU.Build.0 = Release|Any CPU
		{C36DCAD4-7F69-4894-95A0-D62CE442DE39}.Release|x64.ActiveCfg = Release|Any CPU
		{53A8302F-40CB-4B97-B53E-FDA1BED735E1}.Debug|Any CPU.ActiveCfg = Debug|Any CPU
		{53A8302F-40CB-4B97-B53E-FDA1BED735E1}.Debug|Any CPU.Build.0 = Debug|Any CPU
		{53A8302F-40CB-4B97-B53E-FDA1BED735E1}.Debug|x64.ActiveCfg = Debug|x64
		{53A8302F-40CB-4B97-B53E-FDA1BED735E1}.Debug|x64.Build.0 = Debug|x64
		{53A8302F-40CB-4B97-B53E-FDA1BED735E1}.Release|Any CPU.ActiveCfg = Release|Any CPU
		{53A8302F-40CB-4B97-B53E-FDA1BED735E1}.Release|Any CPU.Build.0 = Release|Any CPU
		{53A8302F-40CB-4B97-B53E-FDA1BED735E1}.Release|x64.ActiveCfg = Release|x64
		{53A8302F-40CB-4B97-B53E-FDA1BED735E1}.Release|x64.Build.0 = Release|x64
		{C22CB3F9-CC1B-45B7-A31F-A31BDD6C7127}.Debug|Any CPU.ActiveCfg = Debug|Any CPU
		{C22CB3F9-CC1B-45B7-A31F-A31BDD6C7127}.Debug|Any CPU.Build.0 = Debug|Any CPU
		{C22CB3F9-CC1B-45B7-A31F-A31BDD6C7127}.Debug|x64.ActiveCfg = Debug|x64
		{C22CB3F9-CC1B-45B7-A31F-A31BDD6C7127}.Debug|x64.Build.0 = Debug|x64
		{C22CB3F9-CC1B-45B7-A31F-A31BDD6C7127}.Release|Any CPU.ActiveCfg = Release|Any CPU
		{C22CB3F9-CC1B-45B7-A31F-A31BDD6C7127}.Release|Any CPU.Build.0 = Release|Any CPU
		{C22CB3F9-CC1B-45B7-A31F-A31BDD6C7127}.Release|x64.ActiveCfg = Release|x64
		{C22CB3F9-CC1B-45B7-A31F-A31BDD6C7127}.Release|x64.Build.0 = Release|x64
		{662A800D-DF5A-419A-9794-2AC447F8DFE4}.Debug|Any CPU.ActiveCfg = Debug|Any CPU
		{662A800D-DF5A-419A-9794-2AC447F8DFE4}.Debug|Any CPU.Build.0 = Debug|Any CPU
		{662A800D-DF5A-419A-9794-2AC447F8DFE4}.Debug|x64.ActiveCfg = Debug|x64
		{662A800D-DF5A-419A-9794-2AC447F8DFE4}.Debug|x64.Build.0 = Debug|x64
		{662A800D-DF5A-419A-9794-2AC447F8DFE4}.Release|Any CPU.ActiveCfg = Release|Any CPU
		{662A800D-DF5A-419A-9794-2AC447F8DFE4}.Release|Any CPU.Build.0 = Release|Any CPU
		{662A800D-DF5A-419A-9794-2AC447F8DFE4}.Release|x64.ActiveCfg = Release|x64
		{662A800D-DF5A-419A-9794-2AC447F8DFE4}.Release|x64.Build.0 = Release|x64
	EndGlobalSection
	GlobalSection(SolutionProperties) = preSolution
		HideSolutionNode = FALSE
	EndGlobalSection
	GlobalSection(ExtensibilityGlobals) = postSolution
		SolutionGuid = {4B93EF50-88C7-47B1-A116-3FD5EF7B25C3}
	EndGlobalSection
EndGlobal
